# THIS IS AN AUTOGENERATED FILE. DO NOT EDIT THIS FILE DIRECTLY.
# yarn lockfile v1


jweixin-module@^1.6.0:
  version "1.6.0"
  resolved "https://registry.npm.taobao.org/jweixin-module/download/jweixin-module-1.6.0.tgz#4a7ea614083e3c9c3f49e2fdc2bb882cfa58dfcd"
  integrity sha1-Sn6mFAg+PJw/SeL9wruILPpY380=

uni-request@^1.0.2:
  version "1.0.2"
  resolved "https://registry.npm.taobao.org/uni-request/download/uni-request-1.0.2.tgz#aa276b1e86d5822e4a747a48464892274487dc52"
  integrity sha1-qidrHobVgi5KdHpIRkiSJ0SH3FI=
